// !$*UTF8*$!
{
	archiveVersion = 1;
	classes = {
	};
	objectVersion = 56;
	objects = {

/* Begin PBXBuildFile section */
		5B47B9F42AF3011200E583ED /* e-min-swelling-pad.wav in Resources */ = {isa = PBXBuildFile; fileRef = 5B47B9F32AF2FFB200E583ED /* e-min-swelling-pad.wav */; };
		5B47B9F52AF3011400E583ED /* c-min-bass.wav in Resources */ = {isa = PBXBuildFile; fileRef = 5B47B9F22AF2FFA600E583ED /* c-min-bass.wav */; };
		5BDA36372AF2F8A90042267F /* AppDelegate.swift in Sources */ = {isa = PBXBuildFile; fileRef = 5BDA36362AF2F8A90042267F /* AppDelegate.swift */; };
		5BDA363B2AF2F8A90042267F /* ViewController.swift in Sources */ = {isa = PBXBuildFile; fileRef = 5BDA363A2AF2F8A90042267F /* ViewController.swift */; };
		5BDA36402AF2F8AA0042267F /* Assets.xcassets in Resources */ = {isa = PBXBuildFile; fileRef = 5BDA363F2AF2F8AA0042267F /* Assets.xcassets */; };
		5BDA36432AF2F8AA0042267F /* LaunchScreen.storyboard in Resources */ = {isa = PBXBuildFile; fileRef = 5BDA36412AF2F8AA0042267F /* LaunchScreen.storyboard */; };
		5BDA364E2AF2F8AA0042267F /* SalieriTests.swift in Sources */ = {isa = PBXBuildFile; fileRef = 5BDA364D2AF2F8AA0042267F /* SalieriTests.swift */; };
		5BDA36582AF2F8AA0042267F /* SalieriUITests.swift in Sources */ = {isa = PBXBuildFile; fileRef = 5BDA36572AF2F8AA0042267F /* SalieriUITests.swift */; };
		5BDA365A2AF2F8AA0042267F /* SalieriUITestsLaunchTests.swift in Sources */ = {isa = PBXBuildFile; fileRef = 5BDA36592AF2F8AA0042267F /* SalieriUITestsLaunchTests.swift */; };
		5BDA36682AF2F9910042267F /* SnapKit in Frameworks */ = {isa = PBXBuildFile; productRef = 5BDA36672AF2F9910042267F /* SnapKit */; };
		5BDA366D2AF2F9BD0042267F /* RxCocoa in Frameworks */ = {isa = PBXBuildFile; productRef = 5BDA366C2AF2F9BD0042267F /* RxCocoa */; };
		5BDA366F2AF2F9BD0042267F /* RxRelay in Frameworks */ = {isa = PBXBuildFile; productRef = 5BDA366E2AF2F9BD0042267F /* RxRelay */; };
		5BDA36712AF2F9BD0042267F /* RxSwift in Frameworks */ = {isa = PBXBuildFile; productRef = 5BDA36702AF2F9BD0042267F /* RxSwift */; };
		5BDA36752AF2FA950042267F /* Labels.swift in Sources */ = {isa = PBXBuildFile; fileRef = 5BDA36742AF2FA950042267F /* Labels.swift */; };
		5BDA36772AF2FAA30042267F /* Buttons.swift in Sources */ = {isa = PBXBuildFile; fileRef = 5BDA36762AF2FAA30042267F /* Buttons.swift */; };
		5BDF77442AF55F1B001AEC59 /* AudioSample.swift in Sources */ = {isa = PBXBuildFile; fileRef = 5BDF77432AF55F1B001AEC59 /* AudioSample.swift */; };
		5BDF77462AF55F4E001AEC59 /* MusicalInstrumentKind.swift in Sources */ = {isa = PBXBuildFile; fileRef = 5BDF77452AF55F4E001AEC59 /* MusicalInstrumentKind.swift */; };
		5BDF77482AF55F90001AEC59 /* AudioSegment.swift in Sources */ = {isa = PBXBuildFile; fileRef = 5BDF77472AF55F90001AEC59 /* AudioSegment.swift */; };
		5BDF774A2AF56052001AEC59 /* Duration.swift in Sources */ = {isa = PBXBuildFile; fileRef = 5BDF77492AF56052001AEC59 /* Duration.swift */; };
		5BDF774C2AF56222001AEC59 /* AudioChannel.swift in Sources */ = {isa = PBXBuildFile; fileRef = 5BDF774B2AF56222001AEC59 /* AudioChannel.swift */; };
		5BDF774E2AF562A7001AEC59 /* MelodyGenerator.swift in Sources */ = {isa = PBXBuildFile; fileRef = 5BDF774D2AF562A7001AEC59 /* MelodyGenerator.swift */; };
		5BDF77502AF56347001AEC59 /* MelodyGeneratorState.swift in Sources */ = {isa = PBXBuildFile; fileRef = 5BDF774F2AF56347001AEC59 /* MelodyGeneratorState.swift */; };
		5BDF77522AF566BD001AEC59 /* SalieriError.swift in Sources */ = {isa = PBXBuildFile; fileRef = 5BDF77512AF566BD001AEC59 /* SalieriError.swift */; };
		5BDF77552AF5676C001AEC59 /* URL+.swift in Sources */ = {isa = PBXBuildFile; fileRef = 5BDF77542AF5676C001AEC59 /* URL+.swift */; };
		5BDF77572AF56D1F001AEC59 /* Sequence+.swift in Sources */ = {isa = PBXBuildFile; fileRef = 5BDF77562AF56D1F001AEC59 /* Sequence+.swift */; };
		5BDF77592AF57595001AEC59 /* 808-11-d.wav in Resources */ = {isa = PBXBuildFile; fileRef = 5BDF77582AF57595001AEC59 /* 808-11-d.wav */; };
		5BDF775B2AF57D55001AEC59 /* FileManager+.swift in Sources */ = {isa = PBXBuildFile; fileRef = 5BDF775A2AF57D55001AEC59 /* FileManager+.swift */; };
		5BDF775D2AF61D50001AEC59 /* AudioChannelView.swift in Sources */ = {isa = PBXBuildFile; fileRef = 5BDF775C2AF61D50001AEC59 /* AudioChannelView.swift */; };
		5BDF775F2AF6207B001AEC59 /* Buildable.swift in Sources */ = {isa = PBXBuildFile; fileRef = 5BDF775E2AF6207B001AEC59 /* Buildable.swift */; };
		5BDF77612AF623C3001AEC59 /* AudioChannelPlayer.swift in Sources */ = {isa = PBXBuildFile; fileRef = 5BDF77602AF623C3001AEC59 /* AudioChannelPlayer.swift */; };
		5BDF77632AF62570001AEC59 /* AudioChannelEvent.swift in Sources */ = {isa = PBXBuildFile; fileRef = 5BDF77622AF62570001AEC59 /* AudioChannelEvent.swift */; };
		5BDF77652AF629F3001AEC59 /* UIView+.swift in Sources */ = {isa = PBXBuildFile; fileRef = 5BDF77642AF629F3001AEC59 /* UIView+.swift */; };
		5BDF77672AF63667001AEC59 /* UIControl+.swift in Sources */ = {isa = PBXBuildFile; fileRef = 5BDF77662AF63667001AEC59 /* UIControl+.swift */; };
		5BDF77692AF6368F001AEC59 /* SliderView.swift in Sources */ = {isa = PBXBuildFile; fileRef = 5BDF77682AF6368F001AEC59 /* SliderView.swift */; };
		5BDF776B2AF638EC001AEC59 /* NumberFormatters.swift in Sources */ = {isa = PBXBuildFile; fileRef = 5BDF776A2AF638EC001AEC59 /* NumberFormatters.swift */; };
		5BDF776E2AF64B36001AEC59 /* MelodyEvent.swift in Sources */ = {isa = PBXBuildFile; fileRef = 5BDF776D2AF64B36001AEC59 /* MelodyEvent.swift */; };
		5BDF77702AF6584B001AEC59 /* Comparable+.swift in Sources */ = {isa = PBXBuildFile; fileRef = 5BDF776F2AF6584B001AEC59 /* Comparable+.swift */; };
		5BDF77742AF66FD8001AEC59 /* AudioChannelsView.swift in Sources */ = {isa = PBXBuildFile; fileRef = 5BDF77732AF66FD8001AEC59 /* AudioChannelsView.swift */; };
		5BDF77762AF69766001AEC59 /* MelodyContainer.swift in Sources */ = {isa = PBXBuildFile; fileRef = 5BDF77752AF69766001AEC59 /* MelodyContainer.swift */; };
		5BDF77782AF6B7DC001AEC59 /* AddAudioChannelView.swift in Sources */ = {isa = PBXBuildFile; fileRef = 5BDF77772AF6B7DC001AEC59 /* AddAudioChannelView.swift */; };
		5BDF777A2AF6BD81001AEC59 /* Colors.swift in Sources */ = {isa = PBXBuildFile; fileRef = 5BDF77792AF6BD81001AEC59 /* Colors.swift */; };
		5BDF777E2AF6C19D001AEC59 /* MelodyGeneratorView.swift in Sources */ = {isa = PBXBuildFile; fileRef = 5BDF777D2AF6C19D001AEC59 /* MelodyGeneratorView.swift */; };
		5BDF77802AF6C347001AEC59 /* Button.swift in Sources */ = {isa = PBXBuildFile; fileRef = 5BDF777F2AF6C347001AEC59 /* Button.swift */; };
		5BDF77822AF6C6A5001AEC59 /* MelodySharer.swift in Sources */ = {isa = PBXBuildFile; fileRef = 5BDF77812AF6C6A5001AEC59 /* MelodySharer.swift */; };
		5BDF77842AF6C874001AEC59 /* UIResponder+.swift in Sources */ = {isa = PBXBuildFile; fileRef = 5BDF77832AF6C874001AEC59 /* UIResponder+.swift */; };
		5BDF77862AF6CB2D001AEC59 /* MicPlayer.swift in Sources */ = {isa = PBXBuildFile; fileRef = 5BDF77852AF6CB2D001AEC59 /* MicPlayer.swift */; };
		5BDF77882AF6D4F7001AEC59 /* AudioSamplePickerView.swift in Sources */ = {isa = PBXBuildFile; fileRef = 5BDF77872AF6D4F7001AEC59 /* AudioSamplePickerView.swift */; };
		5BDF778A2AF6D593001AEC59 /* MusicalInstrumentKindView.swift in Sources */ = {isa = PBXBuildFile; fileRef = 5BDF77892AF6D593001AEC59 /* MusicalInstrumentKindView.swift */; };
		5BDF778C2AF6D5B0001AEC59 /* ImageViews.swift in Sources */ = {isa = PBXBuildFile; fileRef = 5BDF778B2AF6D5B0001AEC59 /* ImageViews.swift */; };
		5BDF778E2AF6D865001AEC59 /* Images.swift in Sources */ = {isa = PBXBuildFile; fileRef = 5BDF778D2AF6D865001AEC59 /* Images.swift */; };
		5BDF77902AF6D9D2001AEC59 /* VerticalAudioSamplesListView.swift in Sources */ = {isa = PBXBuildFile; fileRef = 5BDF778F2AF6D9D2001AEC59 /* VerticalAudioSamplesListView.swift */; };
		5BDF77932AF79EFD001AEC59 /* SoundVisualisationView.swift in Sources */ = {isa = PBXBuildFile; fileRef = 5BDF77922AF79EFD001AEC59 /* SoundVisualisationView.swift */; };
		5BDF77952AF7AB04001AEC59 /* PcmBufferParser.swift in Sources */ = {isa = PBXBuildFile; fileRef = 5BDF77942AF7AB04001AEC59 /* PcmBufferParser.swift */; };
		5BDF77972AF7BCEB001AEC59 /* MelodyProgressView.swift in Sources */ = {isa = PBXBuildFile; fileRef = 5BDF77962AF7BCEB001AEC59 /* MelodyProgressView.swift */; };
/* End PBXBuildFile section */

/* Begin PBXContainerItemProxy section */
		5BDA364A2AF2F8AA0042267F /* PBXContainerItemProxy */ = {
			isa = PBXContainerItemProxy;
			containerPortal = 5BDA362B2AF2F8A90042267F /* Project object */;
			proxyType = 1;
			remoteGlobalIDString = 5BDA36322AF2F8A90042267F;
			remoteInfo = Salieri;
		};
		5BDA36542AF2F8AA0042267F /* PBXContainerItemProxy */ = {
			isa = PBXContainerItemProxy;
			containerPortal = 5BDA362B2AF2F8A90042267F /* Project object */;
			proxyType = 1;
			remoteGlobalIDString = 5BDA36322AF2F8A90042267F;
			remoteInfo = Salieri;
		};
/* End PBXContainerItemProxy section */

/* Begin PBXFileReference section */
		5B47B9F22AF2FFA600E583ED /* c-min-bass.wav */ = {isa = PBXFileReference; lastKnownFileType = audio.wav; path = "c-min-bass.wav"; sourceTree = "<group>"; };
		5B47B9F32AF2FFB200E583ED /* e-min-swelling-pad.wav */ = {isa = PBXFileReference; lastKnownFileType = audio.wav; path = "e-min-swelling-pad.wav"; sourceTree = "<group>"; };
		5BDA36332AF2F8A90042267F /* Salieri.app */ = {isa = PBXFileReference; explicitFileType = wrapper.application; includeInIndex = 0; path = Salieri.app; sourceTree = BUILT_PRODUCTS_DIR; };
		5BDA36362AF2F8A90042267F /* AppDelegate.swift */ = {isa = PBXFileReference; lastKnownFileType = sourcecode.swift; path = AppDelegate.swift; sourceTree = "<group>"; };
		5BDA363A2AF2F8A90042267F /* ViewController.swift */ = {isa = PBXFileReference; lastKnownFileType = sourcecode.swift; path = ViewController.swift; sourceTree = "<group>"; };
		5BDA363F2AF2F8AA0042267F /* Assets.xcassets */ = {isa = PBXFileReference; lastKnownFileType = folder.assetcatalog; path = Assets.xcassets; sourceTree = "<group>"; };
		5BDA36422AF2F8AA0042267F /* Base */ = {isa = PBXFileReference; lastKnownFileType = file.storyboard; name = Base; path = Base.lproj/LaunchScreen.storyboard; sourceTree = "<group>"; };
		5BDA36442AF2F8AA0042267F /* Info.plist */ = {isa = PBXFileReference; lastKnownFileType = text.plist.xml; path = Info.plist; sourceTree = "<group>"; };
		5BDA36492AF2F8AA0042267F /* SalieriTests.xctest */ = {isa = PBXFileReference; explicitFileType = wrapper.cfbundle; includeInIndex = 0; path = SalieriTests.xctest; sourceTree = BUILT_PRODUCTS_DIR; };
		5BDA364D2AF2F8AA0042267F /* SalieriTests.swift */ = {isa = PBXFileReference; lastKnownFileType = sourcecode.swift; path = SalieriTests.swift; sourceTree = "<group>"; };
		5BDA36532AF2F8AA0042267F /* SalieriUITests.xctest */ = {isa = PBXFileReference; explicitFileType = wrapper.cfbundle; includeInIndex = 0; path = SalieriUITests.xctest; sourceTree = BUILT_PRODUCTS_DIR; };
		5BDA36572AF2F8AA0042267F /* SalieriUITests.swift */ = {isa = PBXFileReference; lastKnownFileType = sourcecode.swift; path = SalieriUITests.swift; sourceTree = "<group>"; };
		5BDA36592AF2F8AA0042267F /* SalieriUITestsLaunchTests.swift */ = {isa = PBXFileReference; lastKnownFileType = sourcecode.swift; path = SalieriUITestsLaunchTests.swift; sourceTree = "<group>"; };
		5BDA36742AF2FA950042267F /* Labels.swift */ = {isa = PBXFileReference; fileEncoding = 4; lastKnownFileType = sourcecode.swift; path = Labels.swift; sourceTree = "<group>"; };
		5BDA36762AF2FAA30042267F /* Buttons.swift */ = {isa = PBXFileReference; fileEncoding = 4; lastKnownFileType = sourcecode.swift; path = Buttons.swift; sourceTree = "<group>"; };
		5BDF77432AF55F1B001AEC59 /* AudioSample.swift */ = {isa = PBXFileReference; lastKnownFileType = sourcecode.swift; path = AudioSample.swift; sourceTree = "<group>"; };
		5BDF77452AF55F4E001AEC59 /* MusicalInstrumentKind.swift */ = {isa = PBXFileReference; fileEncoding = 4; lastKnownFileType = sourcecode.swift; path = MusicalInstrumentKind.swift; sourceTree = "<group>"; };
		5BDF77472AF55F90001AEC59 /* AudioSegment.swift */ = {isa = PBXFileReference; fileEncoding = 4; lastKnownFileType = sourcecode.swift; path = AudioSegment.swift; sourceTree = "<group>"; };
		5BDF77492AF56052001AEC59 /* Duration.swift */ = {isa = PBXFileReference; fileEncoding = 4; lastKnownFileType = sourcecode.swift; path = Duration.swift; sourceTree = "<group>"; };
		5BDF774B2AF56222001AEC59 /* AudioChannel.swift */ = {isa = PBXFileReference; fileEncoding = 4; lastKnownFileType = sourcecode.swift; path = AudioChannel.swift; sourceTree = "<group>"; };
		5BDF774D2AF562A7001AEC59 /* MelodyGenerator.swift */ = {isa = PBXFileReference; fileEncoding = 4; lastKnownFileType = sourcecode.swift; path = MelodyGenerator.swift; sourceTree = "<group>"; };
		5BDF774F2AF56347001AEC59 /* MelodyGeneratorState.swift */ = {isa = PBXFileReference; fileEncoding = 4; lastKnownFileType = sourcecode.swift; path = MelodyGeneratorState.swift; sourceTree = "<group>"; };
		5BDF77512AF566BD001AEC59 /* SalieriError.swift */ = {isa = PBXFileReference; fileEncoding = 4; lastKnownFileType = sourcecode.swift; path = SalieriError.swift; sourceTree = "<group>"; };
		5BDF77542AF5676C001AEC59 /* URL+.swift */ = {isa = PBXFileReference; fileEncoding = 4; lastKnownFileType = sourcecode.swift; path = "URL+.swift"; sourceTree = "<group>"; };
		5BDF77562AF56D1F001AEC59 /* Sequence+.swift */ = {isa = PBXFileReference; fileEncoding = 4; lastKnownFileType = sourcecode.swift; path = "Sequence+.swift"; sourceTree = "<group>"; };
		5BDF77582AF57595001AEC59 /* 808-11-d.wav */ = {isa = PBXFileReference; lastKnownFileType = audio.wav; path = "808-11-d.wav"; sourceTree = "<group>"; };
		5BDF775A2AF57D55001AEC59 /* FileManager+.swift */ = {isa = PBXFileReference; fileEncoding = 4; lastKnownFileType = sourcecode.swift; path = "FileManager+.swift"; sourceTree = "<group>"; };
		5BDF775C2AF61D50001AEC59 /* AudioChannelView.swift */ = {isa = PBXFileReference; fileEncoding = 4; lastKnownFileType = sourcecode.swift; path = AudioChannelView.swift; sourceTree = "<group>"; };
		5BDF775E2AF6207B001AEC59 /* Buildable.swift */ = {isa = PBXFileReference; fileEncoding = 4; lastKnownFileType = sourcecode.swift; path = Buildable.swift; sourceTree = "<group>"; };
		5BDF77602AF623C3001AEC59 /* AudioChannelPlayer.swift */ = {isa = PBXFileReference; fileEncoding = 4; lastKnownFileType = sourcecode.swift; path = AudioChannelPlayer.swift; sourceTree = "<group>"; };
		5BDF77622AF62570001AEC59 /* AudioChannelEvent.swift */ = {isa = PBXFileReference; fileEncoding = 4; lastKnownFileType = sourcecode.swift; path = AudioChannelEvent.swift; sourceTree = "<group>"; };
		5BDF77642AF629F3001AEC59 /* UIView+.swift */ = {isa = PBXFileReference; fileEncoding = 4; lastKnownFileType = sourcecode.swift; path = "UIView+.swift"; sourceTree = "<group>"; };
		5BDF77662AF63667001AEC59 /* UIControl+.swift */ = {isa = PBXFileReference; fileEncoding = 4; lastKnownFileType = sourcecode.swift; path = "UIControl+.swift"; sourceTree = "<group>"; };
		5BDF77682AF6368F001AEC59 /* SliderView.swift */ = {isa = PBXFileReference; fileEncoding = 4; lastKnownFileType = sourcecode.swift; path = SliderView.swift; sourceTree = "<group>"; };
		5BDF776A2AF638EC001AEC59 /* NumberFormatters.swift */ = {isa = PBXFileReference; fileEncoding = 4; lastKnownFileType = sourcecode.swift; path = NumberFormatters.swift; sourceTree = "<group>"; };
		5BDF776D2AF64B36001AEC59 /* MelodyEvent.swift */ = {isa = PBXFileReference; fileEncoding = 4; lastKnownFileType = sourcecode.swift; path = MelodyEvent.swift; sourceTree = "<group>"; };
		5BDF776F2AF6584B001AEC59 /* Comparable+.swift */ = {isa = PBXFileReference; fileEncoding = 4; lastKnownFileType = sourcecode.swift; path = "Comparable+.swift"; sourceTree = "<group>"; };
		5BDF77732AF66FD8001AEC59 /* AudioChannelsView.swift */ = {isa = PBXFileReference; fileEncoding = 4; lastKnownFileType = sourcecode.swift; path = AudioChannelsView.swift; sourceTree = "<group>"; };
		5BDF77752AF69766001AEC59 /* MelodyContainer.swift */ = {isa = PBXFileReference; fileEncoding = 4; lastKnownFileType = sourcecode.swift; path = MelodyContainer.swift; sourceTree = "<group>"; };
		5BDF77772AF6B7DC001AEC59 /* AddAudioChannelView.swift */ = {isa = PBXFileReference; fileEncoding = 4; lastKnownFileType = sourcecode.swift; path = AddAudioChannelView.swift; sourceTree = "<group>"; };
		5BDF77792AF6BD81001AEC59 /* Colors.swift */ = {isa = PBXFileReference; fileEncoding = 4; lastKnownFileType = sourcecode.swift; path = Colors.swift; sourceTree = "<group>"; };
		5BDF777D2AF6C19D001AEC59 /* MelodyGeneratorView.swift */ = {isa = PBXFileReference; fileEncoding = 4; lastKnownFileType = sourcecode.swift; path = MelodyGeneratorView.swift; sourceTree = "<group>"; };
		5BDF777F2AF6C347001AEC59 /* Button.swift */ = {isa = PBXFileReference; fileEncoding = 4; lastKnownFileType = sourcecode.swift; path = Button.swift; sourceTree = "<group>"; };
		5BDF77812AF6C6A5001AEC59 /* MelodySharer.swift */ = {isa = PBXFileReference; fileEncoding = 4; lastKnownFileType = sourcecode.swift; path = MelodySharer.swift; sourceTree = "<group>"; };
		5BDF77832AF6C874001AEC59 /* UIResponder+.swift */ = {isa = PBXFileReference; fileEncoding = 4; lastKnownFileType = sourcecode.swift; path = "UIResponder+.swift"; sourceTree = "<group>"; };
		5BDF77852AF6CB2D001AEC59 /* MicPlayer.swift */ = {isa = PBXFileReference; fileEncoding = 4; lastKnownFileType = sourcecode.swift; path = MicPlayer.swift; sourceTree = "<group>"; };
		5BDF77872AF6D4F7001AEC59 /* AudioSamplePickerView.swift */ = {isa = PBXFileReference; fileEncoding = 4; lastKnownFileType = sourcecode.swift; path = AudioSamplePickerView.swift; sourceTree = "<group>"; };
		5BDF77892AF6D593001AEC59 /* MusicalInstrumentKindView.swift */ = {isa = PBXFileReference; fileEncoding = 4; lastKnownFileType = sourcecode.swift; path = MusicalInstrumentKindView.swift; sourceTree = "<group>"; };
		5BDF778B2AF6D5B0001AEC59 /* ImageViews.swift */ = {isa = PBXFileReference; fileEncoding = 4; lastKnownFileType = sourcecode.swift; path = ImageViews.swift; sourceTree = "<group>"; };
		5BDF778D2AF6D865001AEC59 /* Images.swift */ = {isa = PBXFileReference; fileEncoding = 4; lastKnownFileType = sourcecode.swift; path = Images.swift; sourceTree = "<group>"; };
		5BDF778F2AF6D9D2001AEC59 /* VerticalAudioSamplesListView.swift */ = {isa = PBXFileReference; fileEncoding = 4; lastKnownFileType = sourcecode.swift; path = VerticalAudioSamplesListView.swift; sourceTree = "<group>"; };
		5BDF77922AF79EFD001AEC59 /* SoundVisualisationView.swift */ = {isa = PBXFileReference; fileEncoding = 4; lastKnownFileType = sourcecode.swift; path = SoundVisualisationView.swift; sourceTree = "<group>"; };
		5BDF77942AF7AB04001AEC59 /* PcmBufferParser.swift */ = {isa = PBXFileReference; fileEncoding = 4; lastKnownFileType = sourcecode.swift; path = PcmBufferParser.swift; sourceTree = "<group>"; };
		5BDF77962AF7BCEB001AEC59 /* MelodyProgressView.swift */ = {isa = PBXFileReference; fileEncoding = 4; lastKnownFileType = sourcecode.swift; path = MelodyProgressView.swift; sourceTree = "<group>"; };
/* End PBXFileReference section */

/* Begin PBXFrameworksBuildPhase section */
		5BDA36302AF2F8A90042267F /* Frameworks */ = {
			isa = PBXFrameworksBuildPhase;
			buildActionMask = 2147483647;
			files = (
				5BDA366D2AF2F9BD0042267F /* RxCocoa in Frameworks */,
				5BDA36682AF2F9910042267F /* SnapKit in Frameworks */,
				5BDA36712AF2F9BD0042267F /* RxSwift in Frameworks */,
				5BDA366F2AF2F9BD0042267F /* RxRelay in Frameworks */,
			);
			runOnlyForDeploymentPostprocessing = 0;
		};
		5BDA36462AF2F8AA0042267F /* Frameworks */ = {
			isa = PBXFrameworksBuildPhase;
			buildActionMask = 2147483647;
			files = (
			);
			runOnlyForDeploymentPostprocessing = 0;
		};
		5BDA36502AF2F8AA0042267F /* Frameworks */ = {
			isa = PBXFrameworksBuildPhase;
			buildActionMask = 2147483647;
			files = (
			);
			runOnlyForDeploymentPostprocessing = 0;
		};
/* End PBXFrameworksBuildPhase section */

/* Begin PBXGroup section */
		5B47B9F12AF2FF9200E583ED /* Resources */ = {
			isa = PBXGroup;
			children = (
				5BDF776A2AF638EC001AEC59 /* NumberFormatters.swift */,
				5BDF778D2AF6D865001AEC59 /* Images.swift */,
				5BDA363F2AF2F8AA0042267F /* Assets.xcassets */,
				5BDF77582AF57595001AEC59 /* 808-11-d.wav */,
				5B47B9F22AF2FFA600E583ED /* c-min-bass.wav */,
				5B47B9F32AF2FFB200E583ED /* e-min-swelling-pad.wav */,
			);
			path = Resources;
			sourceTree = "<group>";
		};
		5BDA362A2AF2F8A90042267F = {
			isa = PBXGroup;
			children = (
				5BDA36352AF2F8A90042267F /* Salieri */,
				5BDA364C2AF2F8AA0042267F /* SalieriTests */,
				5BDA36562AF2F8AA0042267F /* SalieriUITests */,
				5BDA36342AF2F8A90042267F /* Products */,
			);
			sourceTree = "<group>";
		};
		5BDA36342AF2F8A90042267F /* Products */ = {
			isa = PBXGroup;
			children = (
				5BDA36332AF2F8A90042267F /* Salieri.app */,
				5BDA36492AF2F8AA0042267F /* SalieriTests.xctest */,
				5BDA36532AF2F8AA0042267F /* SalieriUITests.xctest */,
			);
			name = Products;
			sourceTree = "<group>";
		};
		5BDA36352AF2F8A90042267F /* Salieri */ = {
			isa = PBXGroup;
			children = (
				5BDF776C2AF6412F001AEC59 /* Views */,
				5BDF77532AF566EE001AEC59 /* MelodyGenerator */,
				5BDF77422AF55F0F001AEC59 /* Entities */,
				5B47B9F12AF2FF9200E583ED /* Resources */,
				5BDF77542AF5676C001AEC59 /* URL+.swift */,
				5BDF776F2AF6584B001AEC59 /* Comparable+.swift */,
				5BDF775A2AF57D55001AEC59 /* FileManager+.swift */,
				5BDF77562AF56D1F001AEC59 /* Sequence+.swift */,
				5BDF77512AF566BD001AEC59 /* SalieriError.swift */,
				5BDF77812AF6C6A5001AEC59 /* MelodySharer.swift */,
				5BDA363A2AF2F8A90042267F /* ViewController.swift */,
				5BDA36362AF2F8A90042267F /* AppDelegate.swift */,
				5BDA36412AF2F8AA0042267F /* LaunchScreen.storyboard */,
				5BDA36442AF2F8AA0042267F /* Info.plist */,
			);
			path = Salieri;
			sourceTree = "<group>";
		};
		5BDA364C2AF2F8AA0042267F /* SalieriTests */ = {
			isa = PBXGroup;
			children = (
				5BDA364D2AF2F8AA0042267F /* SalieriTests.swift */,
			);
			path = SalieriTests;
			sourceTree = "<group>";
		};
		5BDA36562AF2F8AA0042267F /* SalieriUITests */ = {
			isa = PBXGroup;
			children = (
				5BDA36572AF2F8AA0042267F /* SalieriUITests.swift */,
				5BDA36592AF2F8AA0042267F /* SalieriUITestsLaunchTests.swift */,
			);
			path = SalieriUITests;
			sourceTree = "<group>";
		};
		5BDF77422AF55F0F001AEC59 /* Entities */ = {
			isa = PBXGroup;
			children = (
				5BDF77432AF55F1B001AEC59 /* AudioSample.swift */,
				5BDF77472AF55F90001AEC59 /* AudioSegment.swift */,
				5BDF774B2AF56222001AEC59 /* AudioChannel.swift */,
				5BDF77452AF55F4E001AEC59 /* MusicalInstrumentKind.swift */,
				5BDF77492AF56052001AEC59 /* Duration.swift */,
				5BDF775E2AF6207B001AEC59 /* Buildable.swift */,
			);
			path = Entities;
			sourceTree = "<group>";
		};
		5BDF77532AF566EE001AEC59 /* MelodyGenerator */ = {
			isa = PBXGroup;
			children = (
				5BDF77602AF623C3001AEC59 /* AudioChannelPlayer.swift */,
				5BDF77852AF6CB2D001AEC59 /* MicPlayer.swift */,
				5BDF77622AF62570001AEC59 /* AudioChannelEvent.swift */,
				5BDF776D2AF64B36001AEC59 /* MelodyEvent.swift */,
				5BDF77752AF69766001AEC59 /* MelodyContainer.swift */,
				5BDF774D2AF562A7001AEC59 /* MelodyGenerator.swift */,
				5BDF77942AF7AB04001AEC59 /* PcmBufferParser.swift */,
				5BDF774F2AF56347001AEC59 /* MelodyGeneratorState.swift */,
			);
			path = MelodyGenerator;
			sourceTree = "<group>";
		};
		5BDF776C2AF6412F001AEC59 /* Views */ = {
			isa = PBXGroup;
			children = (
				5BDF77912AF6DD8E001AEC59 /* AudioSamplePicker */,
				5BDF77642AF629F3001AEC59 /* UIView+.swift */,
				5BDF77662AF63667001AEC59 /* UIControl+.swift */,
				5BDF77832AF6C874001AEC59 /* UIResponder+.swift */,
				5BDA36762AF2FAA30042267F /* Buttons.swift */,
				5BDF778B2AF6D5B0001AEC59 /* ImageViews.swift */,
				5BDF777F2AF6C347001AEC59 /* Button.swift */,
				5BDA36742AF2FA950042267F /* Labels.swift */,
				5BDF77792AF6BD81001AEC59 /* Colors.swift */,
				5BDF777D2AF6C19D001AEC59 /* MelodyGeneratorView.swift */,
				5BDF77962AF7BCEB001AEC59 /* MelodyProgressView.swift */,
				5BDF77922AF79EFD001AEC59 /* SoundVisualisationView.swift */,
				5BDF77732AF66FD8001AEC59 /* AudioChannelsView.swift */,
				5BDF775C2AF61D50001AEC59 /* AudioChannelView.swift */,
				5BDF77772AF6B7DC001AEC59 /* AddAudioChannelView.swift */,
				5BDF77682AF6368F001AEC59 /* SliderView.swift */,
			);
			path = Views;
			sourceTree = "<group>";
		};
		5BDF77912AF6DD8E001AEC59 /* AudioSamplePicker */ = {
			isa = PBXGroup;
			children = (
				5BDF77872AF6D4F7001AEC59 /* AudioSamplePickerView.swift */,
				5BDF778F2AF6D9D2001AEC59 /* VerticalAudioSamplesListView.swift */,
				5BDF77892AF6D593001AEC59 /* MusicalInstrumentKindView.swift */,
			);
			path = AudioSamplePicker;
			sourceTree = "<group>";
		};
/* End PBXGroup section */

/* Begin PBXNativeTarget section */
		5BDA36322AF2F8A90042267F /* Salieri */ = {
			isa = PBXNativeTarget;
			buildConfigurationList = 5BDA365D2AF2F8AA0042267F /* Build configuration list for PBXNativeTarget "Salieri" */;
			buildPhases = (
				5BDA362F2AF2F8A90042267F /* Sources */,
				5BDA36302AF2F8A90042267F /* Frameworks */,
				5BDA36312AF2F8A90042267F /* Resources */,
			);
			buildRules = (
			);
			dependencies = (
			);
			name = Salieri;
			packageProductDependencies = (
				5BDA36672AF2F9910042267F /* SnapKit */,
				5BDA366C2AF2F9BD0042267F /* RxCocoa */,
				5BDA366E2AF2F9BD0042267F /* RxRelay */,
				5BDA36702AF2F9BD0042267F /* RxSwift */,
			);
			productName = Salieri;
			productReference = 5BDA36332AF2F8A90042267F /* Salieri.app */;
			productType = "com.apple.product-type.application";
		};
		5BDA36482AF2F8AA0042267F /* SalieriTests */ = {
			isa = PBXNativeTarget;
			buildConfigurationList = 5BDA36602AF2F8AA0042267F /* Build configuration list for PBXNativeTarget "SalieriTests" */;
			buildPhases = (
				5BDA36452AF2F8AA0042267F /* Sources */,
				5BDA36462AF2F8AA0042267F /* Frameworks */,
				5BDA36472AF2F8AA0042267F /* Resources */,
			);
			buildRules = (
			);
			dependencies = (
				5BDA364B2AF2F8AA0042267F /* PBXTargetDependency */,
			);
			name = SalieriTests;
			productName = SalieriTests;
			productReference = 5BDA36492AF2F8AA0042267F /* SalieriTests.xctest */;
			productType = "com.apple.product-type.bundle.unit-test";
		};
		5BDA36522AF2F8AA0042267F /* SalieriUITests */ = {
			isa = PBXNativeTarget;
			buildConfigurationList = 5BDA36632AF2F8AA0042267F /* Build configuration list for PBXNativeTarget "SalieriUITests" */;
			buildPhases = (
				5BDA364F2AF2F8AA0042267F /* Sources */,
				5BDA36502AF2F8AA0042267F /* Frameworks */,
				5BDA36512AF2F8AA0042267F /* Resources */,
			);
			buildRules = (
			);
			dependencies = (
				5BDA36552AF2F8AA0042267F /* PBXTargetDependency */,
			);
			name = SalieriUITests;
			productName = SalieriUITests;
			productReference = 5BDA36532AF2F8AA0042267F /* SalieriUITests.xctest */;
			productType = "com.apple.product-type.bundle.ui-testing";
		};
/* End PBXNativeTarget section */

/* Begin PBXProject section */
		5BDA362B2AF2F8A90042267F /* Project object */ = {
			isa = PBXProject;
			attributes = {
				BuildIndependentTargetsInParallel = 1;
				LastSwiftUpdateCheck = 1420;
				LastUpgradeCheck = 1420;
				TargetAttributes = {
					5BDA36322AF2F8A90042267F = {
						CreatedOnToolsVersion = 14.2;
					};
					5BDA36482AF2F8AA0042267F = {
						CreatedOnToolsVersion = 14.2;
						TestTargetID = 5BDA36322AF2F8A90042267F;
					};
					5BDA36522AF2F8AA0042267F = {
						CreatedOnToolsVersion = 14.2;
						TestTargetID = 5BDA36322AF2F8A90042267F;
					};
				};
			};
			buildConfigurationList = 5BDA362E2AF2F8A90042267F /* Build configuration list for PBXProject "Salieri" */;
			compatibilityVersion = "Xcode 14.0";
			developmentRegion = en;
			hasScannedForEncodings = 0;
			knownRegions = (
				en,
				Base,
			);
			mainGroup = 5BDA362A2AF2F8A90042267F;
			packageReferences = (
				5BDA36662AF2F9910042267F /* XCRemoteSwiftPackageReference "SnapKit" */,
				5BDA36692AF2F9BD0042267F /* XCRemoteSwiftPackageReference "RxSwift" */,
			);
			productRefGroup = 5BDA36342AF2F8A90042267F /* Products */;
			projectDirPath = "";
			projectRoot = "";
			targets = (
				5BDA36322AF2F8A90042267F /* Salieri */,
				5BDA36482AF2F8AA0042267F /* SalieriTests */,
				5BDA36522AF2F8AA0042267F /* SalieriUITests */,
			);
		};
/* End PBXProject section */

/* Begin PBXResourcesBuildPhase section */
		5BDA36312AF2F8A90042267F /* Resources */ = {
			isa = PBXResourcesBuildPhase;
			buildActionMask = 2147483647;
			files = (
				5B47B9F52AF3011400E583ED /* c-min-bass.wav in Resources */,
				5BDF77592AF57595001AEC59 /* 808-11-d.wav in Resources */,
				5BDA36432AF2F8AA0042267F /* LaunchScreen.storyboard in Resources */,
				5B47B9F42AF3011200E583ED /* e-min-swelling-pad.wav in Resources */,
				5BDA36402AF2F8AA0042267F /* Assets.xcassets in Resources */,
			);
			runOnlyForDeploymentPostprocessing = 0;
		};
		5BDA36472AF2F8AA0042267F /* Resources */ = {
			isa = PBXResourcesBuildPhase;
			buildActionMask = 2147483647;
			files = (
			);
			runOnlyForDeploymentPostprocessing = 0;
		};
		5BDA36512AF2F8AA0042267F /* Resources */ = {
			isa = PBXResourcesBuildPhase;
			buildActionMask = 2147483647;
			files = (
			);
			runOnlyForDeploymentPostprocessing = 0;
		};
/* End PBXResourcesBuildPhase section */

/* Begin PBXSourcesBuildPhase section */
		5BDA362F2AF2F8A90042267F /* Sources */ = {
			isa = PBXSourcesBuildPhase;
			buildActionMask = 2147483647;
			files = (
				5BDA363B2AF2F8A90042267F /* ViewController.swift in Sources */,
				5BDF77882AF6D4F7001AEC59 /* AudioSamplePickerView.swift in Sources */,
				5BDF77462AF55F4E001AEC59 /* MusicalInstrumentKind.swift in Sources */,
				5BDF77482AF55F90001AEC59 /* AudioSegment.swift in Sources */,
				5BDF775B2AF57D55001AEC59 /* FileManager+.swift in Sources */,
				5BDF77972AF7BCEB001AEC59 /* MelodyProgressView.swift in Sources */,
				5BDF77652AF629F3001AEC59 /* UIView+.swift in Sources */,
				5BDF77802AF6C347001AEC59 /* Button.swift in Sources */,
				5BDF77502AF56347001AEC59 /* MelodyGeneratorState.swift in Sources */,
				5BDF775F2AF6207B001AEC59 /* Buildable.swift in Sources */,
				5BDF77762AF69766001AEC59 /* MelodyContainer.swift in Sources */,
				5BDF77572AF56D1F001AEC59 /* Sequence+.swift in Sources */,
				5BDF778E2AF6D865001AEC59 /* Images.swift in Sources */,
				5BDF776E2AF64B36001AEC59 /* MelodyEvent.swift in Sources */,
				5BDF77742AF66FD8001AEC59 /* AudioChannelsView.swift in Sources */,
				5BDF77522AF566BD001AEC59 /* SalieriError.swift in Sources */,
				5BDF778A2AF6D593001AEC59 /* MusicalInstrumentKindView.swift in Sources */,
				5BDF775D2AF61D50001AEC59 /* AudioChannelView.swift in Sources */,
				5BDF77952AF7AB04001AEC59 /* PcmBufferParser.swift in Sources */,
				5BDF776B2AF638EC001AEC59 /* NumberFormatters.swift in Sources */,
				5BDF774E2AF562A7001AEC59 /* MelodyGenerator.swift in Sources */,
				5BDF77782AF6B7DC001AEC59 /* AddAudioChannelView.swift in Sources */,
				5BDF77552AF5676C001AEC59 /* URL+.swift in Sources */,
				5BDF77702AF6584B001AEC59 /* Comparable+.swift in Sources */,
				5BDF77612AF623C3001AEC59 /* AudioChannelPlayer.swift in Sources */,
				5BDF778C2AF6D5B0001AEC59 /* ImageViews.swift in Sources */,
				5BDF77442AF55F1B001AEC59 /* AudioSample.swift in Sources */,
				5BDF77842AF6C874001AEC59 /* UIResponder+.swift in Sources */,
				5BDF777E2AF6C19D001AEC59 /* MelodyGeneratorView.swift in Sources */,
				5BDF777A2AF6BD81001AEC59 /* Colors.swift in Sources */,
				5BDF77632AF62570001AEC59 /* AudioChannelEvent.swift in Sources */,
				5BDF77692AF6368F001AEC59 /* SliderView.swift in Sources */,
				5BDA36372AF2F8A90042267F /* AppDelegate.swift in Sources */,
				5BDF774C2AF56222001AEC59 /* AudioChannel.swift in Sources */,
				5BDA36752AF2FA950042267F /* Labels.swift in Sources */,
				5BDF77822AF6C6A5001AEC59 /* MelodySharer.swift in Sources */,
				5BDF77862AF6CB2D001AEC59 /* MicPlayer.swift in Sources */,
				5BDF77672AF63667001AEC59 /* UIControl+.swift in Sources */,
				5BDA36772AF2FAA30042267F /* Buttons.swift in Sources */,
				5BDF77902AF6D9D2001AEC59 /* VerticalAudioSamplesListView.swift in Sources */,
				5BDF77932AF79EFD001AEC59 /* SoundVisualisationView.swift in Sources */,
				5BDF774A2AF56052001AEC59 /* Duration.swift in Sources */,
			);
			runOnlyForDeploymentPostprocessing = 0;
		};
		5BDA36452AF2F8AA0042267F /* Sources */ = {
			isa = PBXSourcesBuildPhase;
			buildActionMask = 2147483647;
			files = (
				5BDA364E2AF2F8AA0042267F /* SalieriTests.swift in Sources */,
			);
			runOnlyForDeploymentPostprocessing = 0;
		};
		5BDA364F2AF2F8AA0042267F /* Sources */ = {
			isa = PBXSourcesBuildPhase;
			buildActionMask = 2147483647;
			files = (
				5BDA365A2AF2F8AA0042267F /* SalieriUITestsLaunchTests.swift in Sources */,
				5BDA36582AF2F8AA0042267F /* SalieriUITests.swift in Sources */,
			);
			runOnlyForDeploymentPostprocessing = 0;
		};
/* End PBXSourcesBuildPhase section */

/* Begin PBXTargetDependency section */
		5BDA364B2AF2F8AA0042267F /* PBXTargetDependency */ = {
			isa = PBXTargetDependency;
			target = 5BDA36322AF2F8A90042267F /* Salieri */;
			targetProxy = 5BDA364A2AF2F8AA0042267F /* PBXContainerItemProxy */;
		};
		5BDA36552AF2F8AA0042267F /* PBXTargetDependency */ = {
			isa = PBXTargetDependency;
			target = 5BDA36322AF2F8A90042267F /* Salieri */;
			targetProxy = 5BDA36542AF2F8AA0042267F /* PBXContainerItemProxy */;
		};
/* End PBXTargetDependency section */

/* Begin PBXVariantGroup section */
		5BDA36412AF2F8AA0042267F /* LaunchScreen.storyboard */ = {
			isa = PBXVariantGroup;
			children = (
				5BDA36422AF2F8AA0042267F /* Base */,
			);
			name = LaunchScreen.storyboard;
			sourceTree = "<group>";
		};
/* End PBXVariantGroup section */

/* Begin XCBuildConfiguration section */
		5BDA365B2AF2F8AA0042267F /* Debug */ = {
			isa = XCBuildConfiguration;
			buildSettings = {
				ALWAYS_SEARCH_USER_PATHS = NO;
				CLANG_ANALYZER_NONNULL = YES;
				CLANG_ANALYZER_NUMBER_OBJECT_CONVERSION = YES_AGGRESSIVE;
				CLANG_CXX_LANGUAGE_STANDARD = "gnu++20";
				CLANG_ENABLE_MODULES = YES;
				CLANG_ENABLE_OBJC_ARC = YES;
				CLANG_ENABLE_OBJC_WEAK = YES;
				CLANG_WARN_BLOCK_CAPTURE_AUTORELEASING = YES;
				CLANG_WARN_BOOL_CONVERSION = YES;
				CLANG_WARN_COMMA = YES;
				CLANG_WARN_CONSTANT_CONVERSION = YES;
				CLANG_WARN_DEPRECATED_OBJC_IMPLEMENTATIONS = YES;
				CLANG_WARN_DIRECT_OBJC_ISA_USAGE = YES_ERROR;
				CLANG_WARN_DOCUMENTATION_COMMENTS = YES;
				CLANG_WARN_EMPTY_BODY = YES;
				CLANG_WARN_ENUM_CONVERSION = YES;
				CLANG_WARN_INFINITE_RECURSION = YES;
				CLANG_WARN_INT_CONVERSION = YES;
				CLANG_WARN_NON_LITERAL_NULL_CONVERSION = YES;
				CLANG_WARN_OBJC_IMPLICIT_RETAIN_SELF = YES;
				CLANG_WARN_OBJC_LITERAL_CONVERSION = YES;
				CLANG_WARN_OBJC_ROOT_CLASS = YES_ERROR;
				CLANG_WARN_QUOTED_INCLUDE_IN_FRAMEWORK_HEADER = YES;
				CLANG_WARN_RANGE_LOOP_ANALYSIS = YES;
				CLANG_WARN_STRICT_PROTOTYPES = YES;
				CLANG_WARN_SUSPICIOUS_MOVE = YES;
				CLANG_WARN_UNGUARDED_AVAILABILITY = YES_AGGRESSIVE;
				CLANG_WARN_UNREACHABLE_CODE = YES;
				CLANG_WARN__DUPLICATE_METHOD_MATCH = YES;
				COPY_PHASE_STRIP = NO;
				DEBUG_INFORMATION_FORMAT = dwarf;
				ENABLE_STRICT_OBJC_MSGSEND = YES;
				ENABLE_TESTABILITY = YES;
				GCC_C_LANGUAGE_STANDARD = gnu11;
				GCC_DYNAMIC_NO_PIC = NO;
				GCC_NO_COMMON_BLOCKS = YES;
				GCC_OPTIMIZATION_LEVEL = 0;
				GCC_PREPROCESSOR_DEFINITIONS = (
					"DEBUG=1",
					"$(inherited)",
				);
				GCC_WARN_64_TO_32_BIT_CONVERSION = YES;
				GCC_WARN_ABOUT_RETURN_TYPE = YES_ERROR;
				GCC_WARN_UNDECLARED_SELECTOR = YES;
				GCC_WARN_UNINITIALIZED_AUTOS = YES_AGGRESSIVE;
				GCC_WARN_UNUSED_FUNCTION = YES;
				GCC_WARN_UNUSED_VARIABLE = YES;
				IPHONEOS_DEPLOYMENT_TARGET = 16.2;
				MTL_ENABLE_DEBUG_INFO = INCLUDE_SOURCE;
				MTL_FAST_MATH = YES;
				ONLY_ACTIVE_ARCH = YES;
				SDKROOT = iphoneos;
				SWIFT_ACTIVE_COMPILATION_CONDITIONS = DEBUG;
				SWIFT_OPTIMIZATION_LEVEL = "-Onone";
			};
			name = Debug;
		};
		5BDA365C2AF2F8AA0042267F /* Release */ = {
			isa = XCBuildConfiguration;
			buildSettings = {
				ALWAYS_SEARCH_USER_PATHS = NO;
				CLANG_ANALYZER_NONNULL = YES;
				CLANG_ANALYZER_NUMBER_OBJECT_CONVERSION = YES_AGGRESSIVE;
				CLANG_CXX_LANGUAGE_STANDARD = "gnu++20";
				CLANG_ENABLE_MODULES = YES;
				CLANG_ENABLE_OBJC_ARC = YES;
				CLANG_ENABLE_OBJC_WEAK = YES;
				CLANG_WARN_BLOCK_CAPTURE_AUTORELEASING = YES;
				CLANG_WARN_BOOL_CONVERSION = YES;
				CLANG_WARN_COMMA = YES;
				CLANG_WARN_CONSTANT_CONVERSION = YES;
				CLANG_WARN_DEPRECATED_OBJC_IMPLEMENTATIONS = YES;
				CLANG_WARN_DIRECT_OBJC_ISA_USAGE = YES_ERROR;
				CLANG_WARN_DOCUMENTATION_COMMENTS = YES;
				CLANG_WARN_EMPTY_BODY = YES;
				CLANG_WARN_ENUM_CONVERSION = YES;
				CLANG_WARN_INFINITE_RECURSION = YES;
				CLANG_WARN_INT_CONVERSION = YES;
				CLANG_WARN_NON_LITERAL_NULL_CONVERSION = YES;
				CLANG_WARN_OBJC_IMPLICIT_RETAIN_SELF = YES;
				CLANG_WARN_OBJC_LITERAL_CONVERSION = YES;
				CLANG_WARN_OBJC_ROOT_CLASS = YES_ERROR;
				CLANG_WARN_QUOTED_INCLUDE_IN_FRAMEWORK_HEADER = YES;
				CLANG_WARN_RANGE_LOOP_ANALYSIS = YES;
				CLANG_WARN_STRICT_PROTOTYPES = YES;
				CLANG_WARN_SUSPICIOUS_MOVE = YES;
				CLANG_WARN_UNGUARDED_AVAILABILITY = YES_AGGRESSIVE;
				CLANG_WARN_UNREACHABLE_CODE = YES;
				CLANG_WARN__DUPLICATE_METHOD_MATCH = YES;
				COPY_PHASE_STRIP = NO;
				DEBUG_INFORMATION_FORMAT = "dwarf-with-dsym";
				ENABLE_NS_ASSERTIONS = NO;
				ENABLE_STRICT_OBJC_MSGSEND = YES;
				GCC_C_LANGUAGE_STANDARD = gnu11;
				GCC_NO_COMMON_BLOCKS = YES;
				GCC_WARN_64_TO_32_BIT_CONVERSION = YES;
				GCC_WARN_ABOUT_RETURN_TYPE = YES_ERROR;
				GCC_WARN_UNDECLARED_SELECTOR = YES;
				GCC_WARN_UNINITIALIZED_AUTOS = YES_AGGRESSIVE;
				GCC_WARN_UNUSED_FUNCTION = YES;
				GCC_WARN_UNUSED_VARIABLE = YES;
				IPHONEOS_DEPLOYMENT_TARGET = 16.2;
				MTL_ENABLE_DEBUG_INFO = NO;
				MTL_FAST_MATH = YES;
				SDKROOT = iphoneos;
				SWIFT_COMPILATION_MODE = wholemodule;
				SWIFT_OPTIMIZATION_LEVEL = "-O";
				VALIDATE_PRODUCT = YES;
			};
			name = Release;
		};
		5BDA365E2AF2F8AA0042267F /* Debug */ = {
			isa = XCBuildConfiguration;
			buildSettings = {
				ASSETCATALOG_COMPILER_APPICON_NAME = AppIcon;
				ASSETCATALOG_COMPILER_GLOBAL_ACCENT_COLOR_NAME = AccentColor;
				CODE_SIGN_STYLE = Automatic;
				CURRENT_PROJECT_VERSION = 1;
				DEVELOPMENT_TEAM = 2Q23CJZB73;
				GENERATE_INFOPLIST_FILE = YES;
				INFOPLIST_FILE = Salieri/Info.plist;
				INFOPLIST_KEY_UIApplicationSupportsIndirectInputEvents = YES;
				INFOPLIST_KEY_UILaunchStoryboardName = LaunchScreen;
				INFOPLIST_KEY_UISupportedInterfaceOrientations_iPad = "UIInterfaceOrientationPortrait UIInterfaceOrientationPortraitUpsideDown UIInterfaceOrientationLandscapeLeft UIInterfaceOrientationLandscapeRight";
				INFOPLIST_KEY_UISupportedInterfaceOrientations_iPhone = "UIInterfaceOrientationPortrait UIInterfaceOrientationLandscapeLeft UIInterfaceOrientationLandscapeRight";
				LD_RUNPATH_SEARCH_PATHS = (
					"$(inherited)",
					"@executable_path/Frameworks",
				);
				MARKETING_VERSION = 1.0;
				PRODUCT_BUNDLE_IDENTIFIER = tpf.fiasko.Salieri;
				PRODUCT_NAME = "$(TARGET_NAME)";
				SWIFT_EMIT_LOC_STRINGS = YES;
				SWIFT_VERSION = 5.0;
				TARGETED_DEVICE_FAMILY = "1,2";
			};
			name = Debug;
		};
		5BDA365F2AF2F8AA0042267F /* Release */ = {
			isa = XCBuildConfiguration;
			buildSettings = {
				ASSETCATALOG_COMPILER_APPICON_NAME = AppIcon;
				ASSETCATALOG_COMPILER_GLOBAL_ACCENT_COLOR_NAME = AccentColor;
				CODE_SIGN_STYLE = Automatic;
				CURRENT_PROJECT_VERSION = 1;
				DEVELOPMENT_TEAM = 2Q23CJZB73;
				GENERATE_INFOPLIST_FILE = YES;
				INFOPLIST_FILE = Salieri/Info.plist;
				INFOPLIST_KEY_UIApplicationSupportsIndirectInputEvents = YES;
				INFOPLIST_KEY_UILaunchStoryboardName = LaunchScreen;
				INFOPLIST_KEY_UISupportedInterfaceOrientations_iPad = "UIInterfaceOrientationPortrait UIInterfaceOrientationPortraitUpsideDown UIInterfaceOrientationLandscapeLeft UIInterfaceOrientationLandscapeRight";
				INFOPLIST_KEY_UISupportedInterfaceOrientations_iPhone = "UIInterfaceOrientationPortrait UIInterfaceOrientationLandscapeLeft UIInterfaceOrientationLandscapeRight";
				LD_RUNPATH_SEARCH_PATHS = (
					"$(inherited)",
					"@executable_path/Frameworks",
				);
				MARKETING_VERSION = 1.0;
				PRODUCT_BUNDLE_IDENTIFIER = tpf.fiasko.Salieri;
				PRODUCT_NAME = "$(TARGET_NAME)";
				SWIFT_EMIT_LOC_STRINGS = YES;
				SWIFT_VERSION = 5.0;
				TARGETED_DEVICE_FAMILY = "1,2";
			};
			name = Release;
		};
		5BDA36612AF2F8AA0042267F /* Debug */ = {
			isa = XCBuildConfiguration;
			buildSettings = {
				ALWAYS_EMBED_SWIFT_STANDARD_LIBRARIES = YES;
				BUNDLE_LOADER = "$(TEST_HOST)";
				CODE_SIGN_STYLE = Automatic;
				CURRENT_PROJECT_VERSION = 1;
				DEVELOPMENT_TEAM = 2Q23CJZB73;
				GENERATE_INFOPLIST_FILE = YES;
				IPHONEOS_DEPLOYMENT_TARGET = 16.2;
				MARKETING_VERSION = 1.0;
				PRODUCT_BUNDLE_IDENTIFIER = tpf.fiasko.SalieriTests;
				PRODUCT_NAME = "$(TARGET_NAME)";
				SWIFT_EMIT_LOC_STRINGS = NO;
				SWIFT_VERSION = 5.0;
				TARGETED_DEVICE_FAMILY = "1,2";
				TEST_HOST = "$(BUILT_PRODUCTS_DIR)/Salieri.app/$(BUNDLE_EXECUTABLE_FOLDER_PATH)/Salieri";
			};
			name = Debug;
		};
		5BDA36622AF2F8AA0042267F /* Release */ = {
			isa = XCBuildConfiguration;
			buildSettings = {
				ALWAYS_EMBED_SWIFT_STANDARD_LIBRARIES = YES;
				BUNDLE_LOADER = "$(TEST_HOST)";
				CODE_SIGN_STYLE = Automatic;
				CURRENT_PROJECT_VERSION = 1;
				DEVELOPMENT_TEAM = 2Q23CJZB73;
				GENERATE_INFOPLIST_FILE = YES;
				IPHONEOS_DEPLOYMENT_TARGET = 16.2;
				MARKETING_VERSION = 1.0;
				PRODUCT_BUNDLE_IDENTIFIER = tpf.fiasko.SalieriTests;
				PRODUCT_NAME = "$(TARGET_NAME)";
				SWIFT_EMIT_LOC_STRINGS = NO;
				SWIFT_VERSION = 5.0;
				TARGETED_DEVICE_FAMILY = "1,2";
				TEST_HOST = "$(BUILT_PRODUCTS_DIR)/Salieri.app/$(BUNDLE_EXECUTABLE_FOLDER_PATH)/Salieri";
			};
			name = Release;
		};
		5BDA36642AF2F8AA0042267F /* Debug */ = {
			isa = XCBuildConfiguration;
			buildSettings = {
				ALWAYS_EMBED_SWIFT_STANDARD_LIBRARIES = YES;
				CODE_SIGN_STYLE = Automatic;
				CURRENT_PROJECT_VERSION = 1;
				DEVELOPMENT_TEAM = 2Q23CJZB73;
				GENERATE_INFOPLIST_FILE = YES;
				MARKETING_VERSION = 1.0;
				PRODUCT_BUNDLE_IDENTIFIER = tpf.fiasko.SalieriUITests;
				PRODUCT_NAME = "$(TARGET_NAME)";
				SWIFT_EMIT_LOC_STRINGS = NO;
				SWIFT_VERSION = 5.0;
				TARGETED_DEVICE_FAMILY = "1,2";
				TEST_TARGET_NAME = Salieri;
			};
			name = Debug;
		};
		5BDA36652AF2F8AA0042267F /* Release */ = {
			isa = XCBuildConfiguration;
			buildSettings = {
				ALWAYS_EMBED_SWIFT_STANDARD_LIBRARIES = YES;
				CODE_SIGN_STYLE = Automatic;
				CURRENT_PROJECT_VERSION = 1;
				DEVELOPMENT_TEAM = 2Q23CJZB73;
				GENERATE_INFOPLIST_FILE = YES;
				MARKETING_VERSION = 1.0;
				PRODUCT_BUNDLE_IDENTIFIER = tpf.fiasko.SalieriUITests;
				PRODUCT_NAME = "$(TARGET_NAME)";
				SWIFT_EMIT_LOC_STRINGS = NO;
				SWIFT_VERSION = 5.0;
				TARGETED_DEVICE_FAMILY = "1,2";
				TEST_TARGET_NAME = Salieri;
			};
			name = Release;
		};
/* End XCBuildConfiguration section */

/* Begin XCConfigurationList section */
		5BDA362E2AF2F8A90042267F /* Build configuration list for PBXProject "Salieri" */ = {
			isa = XCConfigurationList;
			buildConfigurations = (
				5BDA365B2AF2F8AA0042267F /* Debug */,
				5BDA365C2AF2F8AA0042267F /* Release */,
			);
			defaultConfigurationIsVisible = 0;
			defaultConfigurationName = Release;
		};
		5BDA365D2AF2F8AA0042267F /* Build configuration list for PBXNativeTarget "Salieri" */ = {
			isa = XCConfigurationList;
			buildConfigurations = (
				5BDA365E2AF2F8AA0042267F /* Debug */,
				5BDA365F2AF2F8AA0042267F /* Release */,
			);
			defaultConfigurationIsVisible = 0;
			defaultConfigurationName = Release;
		};
		5BDA36602AF2F8AA0042267F /* Build configuration list for PBXNativeTarget "SalieriTests" */ = {
			isa = XCConfigurationList;
			buildConfigurations = (
				5BDA36612AF2F8AA0042267F /* Debug */,
				5BDA36622AF2F8AA0042267F /* Release */,
			);
			defaultConfigurationIsVisible = 0;
			defaultConfigurationName = Release;
		};
		5BDA36632AF2F8AA0042267F /* Build configuration list for PBXNativeTarget "SalieriUITests" */ = {
			isa = XCConfigurationList;
			buildConfigurations = (
				5BDA36642AF2F8AA0042267F /* Debug */,
				5BDA36652AF2F8AA0042267F /* Release */,
			);
			defaultConfigurationIsVisible = 0;
			defaultConfigurationName = Release;
		};
/* End XCConfigurationList section */

/* Begin XCRemoteSwiftPackageReference section */
		5BDA36662AF2F9910042267F /* XCRemoteSwiftPackageReference "SnapKit" */ = {
			isa = XCRemoteSwiftPackageReference;
			repositoryURL = "https://github.com/SnapKit/SnapKit";
			requirement = {
				kind = exactVersion;
				version = 5.6.0;
			};
		};
		5BDA36692AF2F9BD0042267F /* XCRemoteSwiftPackageReference "RxSwift" */ = {
			isa = XCRemoteSwiftPackageReference;
			repositoryURL = "https://github.com/ReactiveX/RxSwift";
			requirement = {
				kind = exactVersion;
				version = 6.6.0;
			};
		};
/* End XCRemoteSwiftPackageReference section */

/* Begin XCSwiftPackageProductDependency section */
		5BDA36672AF2F9910042267F /* SnapKit */ = {
			isa = XCSwiftPackageProductDependency;
			package = 5BDA36662AF2F9910042267F /* XCRemoteSwiftPackageReference "SnapKit" */;
			productName = SnapKit;
		};
		5BDA366C2AF2F9BD0042267F /* RxCocoa */ = {
			isa = XCSwiftPackageProductDependency;
			package = 5BDA36692AF2F9BD0042267F /* XCRemoteSwiftPackageReference "RxSwift" */;
			productName = RxCocoa;
		};
		5BDA366E2AF2F9BD0042267F /* RxRelay */ = {
			isa = XCSwiftPackageProductDependency;
			package = 5BDA36692AF2F9BD0042267F /* XCRemoteSwiftPackageReference "RxSwift" */;
			productName = RxRelay;
		};
		5BDA36702AF2F9BD0042267F /* RxSwift */ = {
			isa = XCSwiftPackageProductDependency;
			package = 5BDA36692AF2F9BD0042267F /* XCRemoteSwiftPackageReference "RxSwift" */;
			productName = RxSwift;
		};
/* End XCSwiftPackageProductDependency section */
	};
	rootObject = 5BDA362B2AF2F8A90042267F /* Project object */;
}
